{
  "name": "postgresql-client",
  "lockfileVersion": 3,
  "requires": true,
  "packages": {
    "": {
      "dependencies": {
        "postgresql-client": "2.11.0"
      }
    },
    "node_modules/doublylinked": {
      "version": "2.5.4",
      "resolved": "https://registry.npmjs.org/doublylinked/-/doublylinked-2.5.4.tgz",
      "integrity": "sha512-jBCKDnFkEHJRjQvYEl5N9VngRV8ypHgw6a52OK4VN57eV2r2rYvgOx9uABdY78INNoW7S6auULp+KBVm/jfYqw==",
      "engines": {
        "node": ">= 10.0"
      }
    },
    "node_modules/lightning-pool": {
      "version": "4.2.2",
      "resolved": "https://registry.npmjs.org/lightning-pool/-/lightning-pool-4.2.2.tgz",
      "integrity": "sha512-KW0Df0IbjNLxy5wAsdErTKYtHGwefLRQseHNksEctyaL7gtRwJT0nqLa2uiRdNYDwKSnZtqOjSjUNtfxmfH1qw==",
      "dependencies": {
        "doublylinked": "^2.5.3",
        "putil-promisify": "^1.10.1"
      }
    },
    "node_modules/obuf": {
      "version": "1.1.2",
      "resolved": "https://registry.npmjs.org/obuf/-/obuf-1.1.2.tgz",
      "integrity": "sha512-PX1wu0AmAdPqOL1mWhqmlOd8kOIZQwGZw6rh7uby9fTc5lhaOWFLX3I6R1hrF9k3zUY40e6igsLGkDXK92LJNg=="
    },
    "node_modules/postgres-bytea": {
      "version": "3.0.0",
      "resolved": "https://registry.npmjs.org/postgres-bytea/-/postgres-bytea-3.0.0.tgz",
      "integrity": "sha512-CNd4jim9RFPkObHSjVHlVrxoVQXz7quwNFpz7RY1okNNme49+sVyiTvTRobiLV548Hx/hb1BG+iE7h9493WzFw==",
      "dependencies": {
        "obuf": "~1.1.2"
      },
      "engines": {
        "node": ">= 6"
      }
    },
    "node_modules/postgresql-client": {
      "version": "2.11.0",
      "resolved": "https://registry.npmjs.org/postgresql-client/-/postgresql-client-2.11.0.tgz",
      "integrity": "sha512-QSPHcWVaiBG+JyASaDojOXvhRmsc2n8j2COdIjUDENFAtFls16Zy240asY2ENzZRQJUMAA8vpR8w4SAdI8jdbw==",
      "license": "MIT",
      "dependencies": {
        "doublylinked": "^2.5.4",
        "lightning-pool": "^4.2.2",
        "postgres-bytea": "^3.0.0",
        "power-tasks": "^1.7.3",
        "putil-merge": "^3.12.1",
        "putil-promisify": "^1.10.1",
        "putil-varhelpers": "^1.6.5"
      },
      "engines": {
        "node": ">=16.0"
      }
    },
    "node_modules/power-tasks": {
      "version": "1.7.3",
      "resolved": "https://registry.npmjs.org/power-tasks/-/power-tasks-1.7.3.tgz",
      "integrity": "sha512-EnkjLfaX4PxFYHbUWyWzlE4I8SgctaW9jx4qQXrVRoELlqBXrxIMtuhHzRwsHv2qs1tO7efOcZa6/wDCdCjRfA==",
      "dependencies": {
        "doublylinked": "^2.5.4",
        "strict-typed-events": "^2.3.3"
      },
      "engines": {
        "node": ">=16.0"
      }
    },
    "node_modules/putil-merge": {
      "version": "3.12.1",
      "resolved": "https://registry.npmjs.org/putil-merge/-/putil-merge-3.12.1.tgz",
      "integrity": "sha512-4clPyRkJPrd5zl98AP7I3JamyXbx0ixe2CnfvGwoTyWSr7Kslcv8weoKjfU4BMBifkWIRL54l4OrNe97pYcDwQ==",
      "engines": {
        "node": ">= 10.0"
      }
    },
    "node_modules/putil-promisify": {
      "version": "1.10.1",
      "resolved": "https://registry.npmjs.org/putil-promisify/-/putil-promisify-1.10.1.tgz",
      "integrity": "sha512-1jm0egJNrj5eBDRj15Cg08RNHDV91OVEHeeYjAFRcs663PXxFokndxcJAGbaO6CSErCTp8eTgC8vuOF+fvXIAA==",
      "engines": {
        "node": ">= 14.0"
      }
    },
    "node_modules/putil-varhelpers": {
      "version": "1.6.5",
      "resolved": "https://registry.npmjs.org/putil-varhelpers/-/putil-varhelpers-1.6.5.tgz",
      "integrity": "sha512-kyu+lE5xkc65ScgaIi6rNONLXeS7jGBxl1I0rzHVsFGAAQ45D/VkuEev+t09PFB943F+CqdWFLczH6ePk5TPAA==",
      "engines": {
        "node": ">= 6.0"
      }
    },
    "node_modules/strict-typed-events": {
      "version": "2.3.3",
      "resolved": "https://registry.npmjs.org/strict-typed-events/-/strict-typed-events-2.3.3.tgz",
      "integrity": "sha512-Vc8/N5giCVpO2n5BCskqDD9ns7RkdEq0pFd4yQk1ROULusJDbjORNvbtyEPxxK7Xqn9/NdW8XHLxv/PvUTgFsA==",
      "dependencies": {
        "putil-promisify": "^1.10.1",
        "ts-gems": "^3.1.0"
      },
      "engines": {
        "node": ">=16.0"
      }
    },
    "node_modules/ts-gems": {
      "version": "3.1.1",
      "resolved": "https://registry.npmjs.org/ts-gems/-/ts-gems-3.1.1.tgz",
      "integrity": "sha512-Li1Z44FnxN06c1lBwFepb932jPYT+4eOvOmoiC30lOTkvOJOERr9xZFg3UA9y19OYO9CrW3ZSqNL66DUSuwFTw=="
    }
  }
}
