{
  "name": "typescript",
  "lockfileVersion": 2,
  "requires": true,
  "packages": {
    "": {
      "dependencies": {
        "postgresql-client": "^2.1.3"
      }
    },
    "node_modules/debug": {
      "version": "4.3.4",
      "resolved": "https://registry.npmjs.org/debug/-/debug-4.3.4.tgz",
      "integrity": "sha512-PRWFHuSU3eDtQJPvnNY7Jcket1j0t5OuOsFzPPzsekD52Zl8qUfFIPEiswXqIvHWGVHOgX+7G/vCNNhehwxfkQ==",
      "dependencies": {
        "ms": "2.1.2"
      },
      "engines": {
        "node": ">=6.0"
      },
      "peerDependenciesMeta": {
        "supports-color": {
          "optional": true
        }
      }
    },
    "node_modules/doublylinked": {
      "version": "2.5.1",
      "resolved": "https://registry.npmjs.org/doublylinked/-/doublylinked-2.5.1.tgz",
      "integrity": "sha512-Lpqb+qyHpR5Bew8xfKsxVYdjXEYAQ7HLp1IX47kHKmVCZeXErInytonjkL+kE+L4yaKSYEmDNR9MJYr5zwuAKA==",
      "engines": {
        "node": ">= 10.0"
      }
    },
    "node_modules/lightning-pool": {
      "version": "3.1.3",
      "resolved": "https://registry.npmjs.org/lightning-pool/-/lightning-pool-3.1.3.tgz",
      "integrity": "sha512-OgWuoh0BBrikWx/mc/XwIKwC9HHTe/GU3XODLMBPibv7jv8u0o2gQFS7KVEg5U8Oufg6N7mkm8Y1RoiLER0zeQ==",
      "dependencies": {
        "doublylinked": "^2.4.3",
        "putil-promisify": "^1.8.2"
      },
      "engines": {
        "node": ">= 10.0"
      }
    },
    "node_modules/ms": {
      "version": "2.1.2",
      "resolved": "https://registry.npmjs.org/ms/-/ms-2.1.2.tgz",
      "integrity": "sha512-sGkPx+VjMtmA6MX27oA4FBFELFCZZ4S4XqeGOXCv68tT+jb3vk/RyaKWP0PTKyWtmLSM0b+adUTEvbs1PEaH2w=="
    },
    "node_modules/obuf": {
      "version": "1.1.2",
      "resolved": "https://registry.npmjs.org/obuf/-/obuf-1.1.2.tgz",
      "integrity": "sha512-PX1wu0AmAdPqOL1mWhqmlOd8kOIZQwGZw6rh7uby9fTc5lhaOWFLX3I6R1hrF9k3zUY40e6igsLGkDXK92LJNg=="
    },
    "node_modules/postgres-bytea": {
      "version": "3.0.0",
      "resolved": "https://registry.npmjs.org/postgres-bytea/-/postgres-bytea-3.0.0.tgz",
      "integrity": "sha512-CNd4jim9RFPkObHSjVHlVrxoVQXz7quwNFpz7RY1okNNme49+sVyiTvTRobiLV548Hx/hb1BG+iE7h9493WzFw==",
      "dependencies": {
        "obuf": "~1.1.2"
      },
      "engines": {
        "node": ">= 6"
      }
    },
    "node_modules/postgresql-client": {
      "version": "2.1.3",
      "resolved": "https://registry.npmjs.org/postgresql-client/-/postgresql-client-2.1.3.tgz",
      "integrity": "sha512-36Ga6JzhydsRzcCRcA/Y2hrX9C9sI0wS6sgRNBlOGkOwACXQVybmhDM7mAUbi9cT00N39Ee7btR0eMCyD//5Xg==",
      "dependencies": {
        "debug": "^4.3.4",
        "doublylinked": "^2.5.1",
        "lightning-pool": "^3.1.3",
        "postgres-bytea": "^3.0.0",
        "power-tasks": "^0.8.0",
        "putil-merge": "^3.8.0",
        "putil-promisify": "^1.8.5",
        "putil-varhelpers": "^1.6.4"
      },
      "engines": {
        "node": ">=14.0",
        "npm": ">=7.0.0"
      }
    },
    "node_modules/power-tasks": {
      "version": "0.8.0",
      "resolved": "https://registry.npmjs.org/power-tasks/-/power-tasks-0.8.0.tgz",
      "integrity": "sha512-HhMcx+y5UkzlEmKslruz8uAU2Yq8CODJsFEMFsYMrGp5EzKpkNHGu0RNvBqyewKJDZHPNKtBSULsEAxMqQIBVQ==",
      "dependencies": {
        "debug": "^4.3.4",
        "doublylinked": "^2.5.1",
        "strict-typed-events": "^2.2.0"
      },
      "engines": {
        "node": ">=14.0",
        "npm": ">=7.0.0"
      }
    },
    "node_modules/putil-merge": {
      "version": "3.8.0",
      "resolved": "https://registry.npmjs.org/putil-merge/-/putil-merge-3.8.0.tgz",
      "integrity": "sha512-5tXPafJawWFoYZWLhkYXZ7IC/qkI45HgJsgv36lJBeq3qjFZfUITZE01CmWUBIlIn9f1yDiikqgYERARhVmgrg==",
      "engines": {
        "node": ">= 10.0"
      }
    },
    "node_modules/putil-promisify": {
      "version": "1.8.5",
      "resolved": "https://registry.npmjs.org/putil-promisify/-/putil-promisify-1.8.5.tgz",
      "integrity": "sha512-DItclasWWZokvpq3Aiaq0iV7WC8isP/0o/8mhC0yV6CQ781N/7NQHA1VyOm6hfpeFEwIQoo1C4Yjc5eH0q6Jbw==",
      "engines": {
        "node": ">= 6.0"
      }
    },
    "node_modules/putil-varhelpers": {
      "version": "1.6.4",
      "resolved": "https://registry.npmjs.org/putil-varhelpers/-/putil-varhelpers-1.6.4.tgz",
      "integrity": "sha512-nM2nO1HS2yJUyPgz0grd2XZAM0Spr6/tt6F4xXeNDjByV00BV2mq6lZ+sDff8WIfQBI9Hn1Czh93H1xBvKESxw==",
      "engines": {
        "node": ">= 6.0"
      }
    },
    "node_modules/strict-typed-events": {
      "version": "2.2.0",
      "resolved": "https://registry.npmjs.org/strict-typed-events/-/strict-typed-events-2.2.0.tgz",
      "integrity": "sha512-yvHRtEfRRV7TJWi9cLhMt4Mb12JtAwXXONltUlLCA3fRB0LRy94B4E4e2gIlXzT5nZHTZVpOjJNOshri3LZ5bw==",
      "dependencies": {
        "putil-promisify": "^1.8.5",
        "ts-gems": "^2.0.0"
      },
      "engines": {
        "node": ">=14.0"
      }
    },
    "node_modules/ts-gems": {
      "version": "2.1.0",
      "resolved": "https://registry.npmjs.org/ts-gems/-/ts-gems-2.1.0.tgz",
      "integrity": "sha512-5IqiG4nq1tsOhYPc4CwxA6bsE+TfU6uAABzf6bH4sdElgXpt/mlStvIYedvvtU7BM1+RRJxCaTLaaVFcCqNaiA==",
      "peerDependencies": {
        "typescript": ">=4.0.0"
      }
    },
    "node_modules/typescript": {
      "version": "4.7.4",
      "resolved": "https://registry.npmjs.org/typescript/-/typescript-4.7.4.tgz",
      "integrity": "sha512-C0WQT0gezHuw6AdY1M2jxUO83Rjf0HP7Sk1DtXj6j1EwkQNZrHAg2XPWlq62oqEhYvONq5pkC2Y9oPljWToLmQ==",
      "peer": true,
      "bin": {
        "tsc": "bin/tsc",
        "tsserver": "bin/tsserver"
      },
      "engines": {
        "node": ">=4.2.0"
      }
    }
  },
  "dependencies": {
    "debug": {
      "version": "4.3.4",
      "resolved": "https://registry.npmjs.org/debug/-/debug-4.3.4.tgz",
      "integrity": "sha512-PRWFHuSU3eDtQJPvnNY7Jcket1j0t5OuOsFzPPzsekD52Zl8qUfFIPEiswXqIvHWGVHOgX+7G/vCNNhehwxfkQ==",
      "requires": {
        "ms": "2.1.2"
      }
    },
    "doublylinked": {
      "version": "2.5.1",
      "resolved": "https://registry.npmjs.org/doublylinked/-/doublylinked-2.5.1.tgz",
      "integrity": "sha512-Lpqb+qyHpR5Bew8xfKsxVYdjXEYAQ7HLp1IX47kHKmVCZeXErInytonjkL+kE+L4yaKSYEmDNR9MJYr5zwuAKA=="
    },
    "lightning-pool": {
      "version": "3.1.3",
      "resolved": "https://registry.npmjs.org/lightning-pool/-/lightning-pool-3.1.3.tgz",
      "integrity": "sha512-OgWuoh0BBrikWx/mc/XwIKwC9HHTe/GU3XODLMBPibv7jv8u0o2gQFS7KVEg5U8Oufg6N7mkm8Y1RoiLER0zeQ==",
      "requires": {
        "doublylinked": "^2.4.3",
        "putil-promisify": "^1.8.2"
      }
    },
    "ms": {
      "version": "2.1.2",
      "resolved": "https://registry.npmjs.org/ms/-/ms-2.1.2.tgz",
      "integrity": "sha512-sGkPx+VjMtmA6MX27oA4FBFELFCZZ4S4XqeGOXCv68tT+jb3vk/RyaKWP0PTKyWtmLSM0b+adUTEvbs1PEaH2w=="
    },
    "obuf": {
      "version": "1.1.2",
      "resolved": "https://registry.npmjs.org/obuf/-/obuf-1.1.2.tgz",
      "integrity": "sha512-PX1wu0AmAdPqOL1mWhqmlOd8kOIZQwGZw6rh7uby9fTc5lhaOWFLX3I6R1hrF9k3zUY40e6igsLGkDXK92LJNg=="
    },
    "postgres-bytea": {
      "version": "3.0.0",
      "resolved": "https://registry.npmjs.org/postgres-bytea/-/postgres-bytea-3.0.0.tgz",
      "integrity": "sha512-CNd4jim9RFPkObHSjVHlVrxoVQXz7quwNFpz7RY1okNNme49+sVyiTvTRobiLV548Hx/hb1BG+iE7h9493WzFw==",
      "requires": {
        "obuf": "~1.1.2"
      }
    },
    "postgresql-client": {
      "version": "2.1.3",
      "resolved": "https://registry.npmjs.org/postgresql-client/-/postgresql-client-2.1.3.tgz",
      "integrity": "sha512-36Ga6JzhydsRzcCRcA/Y2hrX9C9sI0wS6sgRNBlOGkOwACXQVybmhDM7mAUbi9cT00N39Ee7btR0eMCyD//5Xg==",
      "requires": {
        "debug": "^4.3.4",
        "doublylinked": "^2.5.1",
        "lightning-pool": "^3.1.3",
        "postgres-bytea": "^3.0.0",
        "power-tasks": "^0.8.0",
        "putil-merge": "^3.8.0",
        "putil-promisify": "^1.8.5",
        "putil-varhelpers": "^1.6.4"
      }
    },
    "power-tasks": {
      "version": "0.8.0",
      "resolved": "https://registry.npmjs.org/power-tasks/-/power-tasks-0.8.0.tgz",
      "integrity": "sha512-HhMcx+y5UkzlEmKslruz8uAU2Yq8CODJsFEMFsYMrGp5EzKpkNHGu0RNvBqyewKJDZHPNKtBSULsEAxMqQIBVQ==",
      "requires": {
        "debug": "^4.3.4",
        "doublylinked": "^2.5.1",
        "strict-typed-events": "^2.2.0"
      }
    },
    "putil-merge": {
      "version": "3.8.0",
      "resolved": "https://registry.npmjs.org/putil-merge/-/putil-merge-3.8.0.tgz",
      "integrity": "sha512-5tXPafJawWFoYZWLhkYXZ7IC/qkI45HgJsgv36lJBeq3qjFZfUITZE01CmWUBIlIn9f1yDiikqgYERARhVmgrg=="
    },
    "putil-promisify": {
      "version": "1.8.5",
      "resolved": "https://registry.npmjs.org/putil-promisify/-/putil-promisify-1.8.5.tgz",
      "integrity": "sha512-DItclasWWZokvpq3Aiaq0iV7WC8isP/0o/8mhC0yV6CQ781N/7NQHA1VyOm6hfpeFEwIQoo1C4Yjc5eH0q6Jbw=="
    },
    "putil-varhelpers": {
      "version": "1.6.4",
      "resolved": "https://registry.npmjs.org/putil-varhelpers/-/putil-varhelpers-1.6.4.tgz",
      "integrity": "sha512-nM2nO1HS2yJUyPgz0grd2XZAM0Spr6/tt6F4xXeNDjByV00BV2mq6lZ+sDff8WIfQBI9Hn1Czh93H1xBvKESxw=="
    },
    "strict-typed-events": {
      "version": "2.2.0",
      "resolved": "https://registry.npmjs.org/strict-typed-events/-/strict-typed-events-2.2.0.tgz",
      "integrity": "sha512-yvHRtEfRRV7TJWi9cLhMt4Mb12JtAwXXONltUlLCA3fRB0LRy94B4E4e2gIlXzT5nZHTZVpOjJNOshri3LZ5bw==",
      "requires": {
        "putil-promisify": "^1.8.5",
        "ts-gems": "^2.0.0"
      }
    },
    "ts-gems": {
      "version": "2.1.0",
      "resolved": "https://registry.npmjs.org/ts-gems/-/ts-gems-2.1.0.tgz",
      "integrity": "sha512-5IqiG4nq1tsOhYPc4CwxA6bsE+TfU6uAABzf6bH4sdElgXpt/mlStvIYedvvtU7BM1+RRJxCaTLaaVFcCqNaiA==",
      "requires": {}
    },
    "typescript": {
      "version": "4.7.4",
      "resolved": "https://registry.npmjs.org/typescript/-/typescript-4.7.4.tgz",
      "integrity": "sha512-C0WQT0gezHuw6AdY1M2jxUO83Rjf0HP7Sk1DtXj6j1EwkQNZrHAg2XPWlq62oqEhYvONq5pkC2Y9oPljWToLmQ==",
      "peer": true
    }
  }
}
