{
  "name": "postgresql-client",
  "lockfileVersion": 3,
  "requires": true,
  "packages": {
    "": {
      "dependencies": {
        "postgresql-client": "2.5.9"
      }
    },
    "node_modules/doublylinked": {
      "version": "2.5.2",
      "resolved": "https://registry.npmjs.org/doublylinked/-/doublylinked-2.5.2.tgz",
      "integrity": "sha512-TDh0XfQWWDrfvGdAN0hLNIdkTXlw04nVCO5B/37ie4dV0yw1iT9ZrZ6tD+q/0SwXxeI/u6TF9Mxgd7s5/XYV6A==",
      "engines": {
        "node": ">= 10.0"
      }
    },
    "node_modules/lightning-pool": {
      "version": "4.2.1",
      "resolved": "https://registry.npmjs.org/lightning-pool/-/lightning-pool-4.2.1.tgz",
      "integrity": "sha512-/pUIoGD3nzTH/wI4TYiJM3cLPeUOzGMTfFeBRuxaOAnwL0LZfwvqn5YFqsfyF98M0C3UXxWgfTz+Lu6okkno+g==",
      "dependencies": {
        "doublylinked": "^2.5.2",
        "putil-promisify": "^1.8.6"
      }
    },
    "node_modules/obuf": {
      "version": "1.1.2",
      "resolved": "https://registry.npmjs.org/obuf/-/obuf-1.1.2.tgz",
      "integrity": "sha512-PX1wu0AmAdPqOL1mWhqmlOd8kOIZQwGZw6rh7uby9fTc5lhaOWFLX3I6R1hrF9k3zUY40e6igsLGkDXK92LJNg=="
    },
    "node_modules/postgres-bytea": {
      "version": "3.0.0",
      "resolved": "https://registry.npmjs.org/postgres-bytea/-/postgres-bytea-3.0.0.tgz",
      "integrity": "sha512-CNd4jim9RFPkObHSjVHlVrxoVQXz7quwNFpz7RY1okNNme49+sVyiTvTRobiLV548Hx/hb1BG+iE7h9493WzFw==",
      "dependencies": {
        "obuf": "~1.1.2"
      },
      "engines": {
        "node": ">= 6"
      }
    },
    "node_modules/postgresql-client": {
      "version": "2.5.9",
      "resolved": "https://registry.npmjs.org/postgresql-client/-/postgresql-client-2.5.9.tgz",
      "integrity": "sha512-s+kgTN6TfWLzehEyxw4Im4odnxVRCbZ0DEJzWS6SLowPAmB2m1/DOiOvZC0+ZVoi5AfbGE6SBqFxKguSyVAXZg==",
      "dependencies": {
        "doublylinked": "^2.5.2",
        "lightning-pool": "^4.2.1",
        "postgres-bytea": "^3.0.0",
        "power-tasks": "^1.7.0",
        "putil-merge": "^3.10.3",
        "putil-promisify": "^1.10.0",
        "putil-varhelpers": "^1.6.5"
      },
      "engines": {
        "node": ">=16.0",
        "npm": ">=7.0.0"
      }
    },
    "node_modules/power-tasks": {
      "version": "1.7.0",
      "resolved": "https://registry.npmjs.org/power-tasks/-/power-tasks-1.7.0.tgz",
      "integrity": "sha512-rndZXCDxhuIDjPUJJvQwBDHaYagCkjvbPF/NA+omh/Ef4rAI9KtnvdA0k98dyiGpn1zXOpc6c2c0JWzg/xAhJg==",
      "dependencies": {
        "doublylinked": "^2.5.2",
        "strict-typed-events": "^2.3.1"
      },
      "engines": {
        "node": ">=14.0",
        "npm": ">=7.0.0"
      }
    },
    "node_modules/putil-merge": {
      "version": "3.10.3",
      "resolved": "https://registry.npmjs.org/putil-merge/-/putil-merge-3.10.3.tgz",
      "integrity": "sha512-B18CYi0/SmBYl9+fgowYWkgzJM/8XcLSeafHrFrGzwySQuOzLW0sOGx0CdFVp9zqaxgLctexUdGoSPpm6CPM6A==",
      "engines": {
        "node": ">= 10.0"
      }
    },
    "node_modules/putil-promisify": {
      "version": "1.10.0",
      "resolved": "https://registry.npmjs.org/putil-promisify/-/putil-promisify-1.10.0.tgz",
      "integrity": "sha512-zYPoAoMxmf8pC+I75kRkYkVMwU4ZbZl82aTGema175bmhQ06BEJuuOlzOy1buQK9G+hCyQ+BFpzMTKAJhD8rZw==",
      "engines": {
        "node": ">= 14.0"
      }
    },
    "node_modules/putil-varhelpers": {
      "version": "1.6.5",
      "resolved": "https://registry.npmjs.org/putil-varhelpers/-/putil-varhelpers-1.6.5.tgz",
      "integrity": "sha512-kyu+lE5xkc65ScgaIi6rNONLXeS7jGBxl1I0rzHVsFGAAQ45D/VkuEev+t09PFB943F+CqdWFLczH6ePk5TPAA==",
      "engines": {
        "node": ">= 6.0"
      }
    },
    "node_modules/strict-typed-events": {
      "version": "2.3.1",
      "resolved": "https://registry.npmjs.org/strict-typed-events/-/strict-typed-events-2.3.1.tgz",
      "integrity": "sha512-Z1h8KpVbrVg34Vwy/VwTD/tS9tFebH2h1Kvw4xnPkKpkISMwUpnqwU44rMfkKMpXbFCybIgDt7ARoCGTzURZhQ==",
      "dependencies": {
        "putil-promisify": "^1.8.5",
        "ts-gems": "^2.2.0"
      },
      "engines": {
        "node": ">=16.0"
      }
    },
    "node_modules/ts-gems": {
      "version": "2.4.0",
      "resolved": "https://registry.npmjs.org/ts-gems/-/ts-gems-2.4.0.tgz",
      "integrity": "sha512-SdugYAXoWvbqrxLodIObzxhEKacDxh5LfAJIiIkiH7q5thvuuCzdmkdTVQYf7uEDrEpPhfx4tokDMamdO3be9A=="
    }
  }
}
