{
  "name": "neon-compute",
  "lockfileVersion": 3,
  "requires": true,
  "packages": {
    "": {
      "name": "neon-compute",
      "dependencies": {
        "@sourcemeta/jsonschema": "9.3.4"
      }
    },
    "node_modules/@sourcemeta/jsonschema": {
      "version": "9.3.4",
      "resolved": "https://registry.npmjs.org/@sourcemeta/jsonschema/-/jsonschema-9.3.4.tgz",
      "integrity": "sha512-hkujfkZAIGXUs4U//We9faZW8LZ4/H9LqagRYsFSulH/VLcKPNhZyCTGg7AhORuzm27zqENvKpnX4g2FzudYFw==",
      "cpu": [
        "x64",
        "arm64"
      ],
      "license": "AGPL-3.0",
      "os": [
        "darwin",
        "linux",
        "win32"
      ],
      "bin": {
        "jsonschema": "cli.js"
      },
      "engines": {
        "node": ">=16"
      },
      "funding": {
        "url": "https://github.com/sponsors/sourcemeta"
      }
    }
  }
}
